
Microsoft Visual Studio Solution File, Format Version 12.00
# Visual Studio 15
VisualStudioVersion = 15.0.28307.271
MinimumVisualStudioVersion = 10.0.40219.1
Project("{FAE04EC0-301F-11D3-BF4B-00C04F79EFBC}") = "ITEAHub.CoffeeShop.Main", "ITEAHub.CoffeeShop.Main\ITEAHub.CoffeeShop.Main.csproj", "{05F3F3D3-917B-4514-AE98-F9A30E495E7E}"
EndProject
Project("{FAE04EC0-301F-11D3-BF4B-00C04F79EFBC}") = "ITEAHub.CoffeeShop.Contractors", "ITEAHub.CoffeeShop.Contractors\ITEAHub.CoffeeShop.Contractors.csproj", "{C9C8C24C-3051-4A31-964E-CA8FDF9CA5B2}"
EndProject
Project("{FAE04EC0-301F-11D3-BF4B-00C04F79EFBC}") = "ITEAHub.CoffeeShop.Storage", "ITEAHub.CoffeeShop.Storage\ITEAHub.CoffeeShop.Storage.csproj", "{15CEE13B-4020-42B1-9A05-BAFD4DD1DB4D}"
EndProject
Project("{FAE04EC0-301F-11D3-BF4B-00C04F79EFBC}") = "ITEAHub.CoffeeShop.Menu", "ITEAHub.CoffeeShop.Menu\ITEAHub.CoffeeShop.Menu.csproj", "{642A1560-2DE0-435E-9275-C34F02D72F31}"
EndProject
Project("{FAE04EC0-301F-11D3-BF4B-00C04F79EFBC}") = "ITEAHub.CoffeeShop.BusinessLogic", "ITEAHub.CoffeeShop.BusinessLogic\ITEAHub.CoffeeShop.BusinessLogic.csproj", "{CD1A2B0C-A645-457E-B152-7EAF67C850BF}"
EndProject
Global
	GlobalSection(SolutionConfigurationPlatforms) = preSolution
		Debug|Any CPU = Debug|Any CPU
		Release|Any CPU = Release|Any CPU
	EndGlobalSection
	GlobalSection(ProjectConfigurationPlatforms) = postSolution
		{05F3F3D3-917B-4514-AE98-F9A30E495E7E}.Debug|Any CPU.ActiveCfg = Debug|Any CPU
		{05F3F3D3-917B-4514-AE98-F9A30E495E7E}.Debug|Any CPU.Build.0 = Debug|Any CPU
		{05F3F3D3-917B-4514-AE98-F9A30E495E7E}.Release|Any CPU.ActiveCfg = Release|Any CPU
		{05F3F3D3-917B-4514-AE98-F9A30E495E7E}.Release|Any CPU.Build.0 = Release|Any CPU
		{C9C8C24C-3051-4A31-964E-CA8FDF9CA5B2}.Debug|Any CPU.ActiveCfg = Debug|Any CPU
		{C9C8C24C-3051-4A31-964E-CA8FDF9CA5B2}.Debug|Any CPU.Build.0 = Debug|Any CPU
		{C9C8C24C-3051-4A31-964E-CA8FDF9CA5B2}.Release|Any CPU.ActiveCfg = Release|Any CPU
		{C9C8C24C-3051-4A31-964E-CA8FDF9CA5B2}.Release|Any CPU.Build.0 = Release|Any CPU
		{15CEE13B-4020-42B1-9A05-BAFD4DD1DB4D}.Debug|Any CPU.ActiveCfg = Debug|Any CPU
		{15CEE13B-4020-42B1-9A05-BAFD4DD1DB4D}.Debug|Any CPU.Build.0 = Debug|Any CPU
		{15CEE13B-4020-42B1-9A05-BAFD4DD1DB4D}.Release|Any CPU.ActiveCfg = Release|Any CPU
		{15CEE13B-4020-42B1-9A05-BAFD4DD1DB4D}.Release|Any CPU.Build.0 = Release|Any CPU
		{642A1560-2DE0-435E-9275-C34F02D72F31}.Debug|Any CPU.ActiveCfg = Debug|Any CPU
		{642A1560-2DE0-435E-9275-C34F02D72F31}.Debug|Any CPU.Build.0 = Debug|Any CPU
		{642A1560-2DE0-435E-9275-C34F02D72F31}.Release|Any CPU.ActiveCfg = Release|Any CPU
		{642A1560-2DE0-435E-9275-C34F02D72F31}.Release|Any CPU.Build.0 = Release|Any CPU
		{CD1A2B0C-A645-457E-B152-7EAF67C850BF}.Debug|Any CPU.ActiveCfg = Debug|Any CPU
		{CD1A2B0C-A645-457E-B152-7EAF67C850BF}.Debug|Any CPU.Build.0 = Debug|Any CPU
		{CD1A2B0C-A645-457E-B152-7EAF67C850BF}.Release|Any CPU.ActiveCfg = Release|Any CPU
		{CD1A2B0C-A645-457E-B152-7EAF67C850BF}.Release|Any CPU.Build.0 = Release|Any CPU
	EndGlobalSection
	GlobalSection(SolutionProperties) = preSolution
		HideSolutionNode = FALSE
	EndGlobalSection
	GlobalSection(ExtensibilityGlobals) = postSolution
		SolutionGuid = {06A2EB06-A2CE-4589-B1B5-CF503FB014E8}
	EndGlobalSection
EndGlobal
